// !$*UTF8*$!
{
	archiveVersion = 1;
	classes = {
	};
	objectVersion = 56;
	objects = {

/* Begin PBXBuildFile section */
		4872CF6D2A5A9EAC0044E151 /* AppDelegate.swift in Sources */ = {isa = PBXBuildFile; fileRef = 4872CF6C2A5A9EAC0044E151 /* AppDelegate.swift */; };
		4872CF6F2A5A9EAC0044E151 /* SceneDelegate.swift in Sources */ = {isa = PBXBuildFile; fileRef = 4872CF6E2A5A9EAC0044E151 /* SceneDelegate.swift */; };
		4872CF712A5A9EAC0044E151 /* CalcultorViewController.swift in Sources */ = {isa = PBXBuildFile; fileRef = 4872CF702A5A9EAC0044E151 /* CalcultorViewController.swift */; };
		4872CF762A5A9EAD0044E151 /* Assets.xcassets in Resources */ = {isa = PBXBuildFile; fileRef = 4872CF752A5A9EAD0044E151 /* Assets.xcassets */; };
		4872CF792A5A9EAD0044E151 /* LaunchScreen.storyboard in Resources */ = {isa = PBXBuildFile; fileRef = 4872CF772A5A9EAD0044E151 /* LaunchScreen.storyboard */; };
		6B0F9E1B2F4B3A24005152B7 /* Main_Polished.storyboard in Resources */ = {isa = PBXBuildFile; fileRef = 6B0F9E1A2F4B3A24005152B7 /* Main_Polished.storyboard */; };
		6B0F9E1D2F4B61E5005152B7 /* Main.storyboard in Resources */ = {isa = PBXBuildFile; fileRef = 6B0F9E1C2F4B61E0005152B7 /* Main.storyboard */; };
		6B77C4CC2F49EFE4008756C1 /* ButtonExtensions.swift in Sources */ = {isa = PBXBuildFile; fileRef = 6B77C4CB2F49EFDB008756C1 /* ButtonExtensions.swift */; };
		6B8F08652F4669F700903670 /* CalculatorEngine.swift in Sources */ = {isa = PBXBuildFile; fileRef = 6B8F08642F4669F700903670 /* CalculatorEngine.swift */; };
		6B8F08702F47BA9A00903670 /* NumberFormatterService.swift in Sources */ = {isa = PBXBuildFile; fileRef = 6B8F086F2F47BA9400903670 /* NumberFormatterService.swift */; };
/* End PBXBuildFile section */

/* Begin PBXFileReference section */
		4872CF692A5A9EAC0044E151 /* Calculator.app */ = {isa = PBXFileReference; explicitFileType = wrapper.application; includeInIndex = 0; path = Calculator.app; sourceTree = BUILT_PRODUCTS_DIR; };
		4872CF6C2A5A9EAC0044E151 /* AppDelegate.swift */ = {isa = PBXFileReference; lastKnownFileType = sourcecode.swift; path = AppDelegate.swift; sourceTree = "<group>"; };
		4872CF6E2A5A9EAC0044E151 /* SceneDelegate.swift */ = {isa = PBXFileReference; lastKnownFileType = sourcecode.swift; path = SceneDelegate.swift; sourceTree = "<group>"; };
		4872CF702A5A9EAC0044E151 /* CalcultorViewController.swift */ = {isa = PBXFileReference; lastKnownFileType = sourcecode.swift; path = CalcultorViewController.swift; sourceTree = "<group>"; };
		4872CF752A5A9EAD0044E151 /* Assets.xcassets */ = {isa = PBXFileReference; lastKnownFileType = folder.assetcatalog; path = Assets.xcassets; sourceTree = "<group>"; };
		4872CF782A5A9EAD0044E151 /* Base */ = {isa = PBXFileReference; lastKnownFileType = file.storyboard; name = Base; path = Base.lproj/LaunchScreen.storyboard; sourceTree = "<group>"; };
		4872CF7A2A5A9EAD0044E151 /* Info.plist */ = {isa = PBXFileReference; lastKnownFileType = text.plist.xml; path = Info.plist; sourceTree = "<group>"; };
		6B0F9E192F4B3A24005152B7 /* Main.storyboard */ = {isa = PBXFileReference; lastKnownFileType = file.storyboard; name = Main.storyboard; path = Base.lproj/Main_Polished.storyboard; sourceTree = "<group>"; };
		6B0F9E1C2F4B61E0005152B7 /* Main.storyboard */ = {isa = PBXFileReference; lastKnownFileType = file.storyboard; path = Main.storyboard; sourceTree = "<group>"; };
		6B77C4CB2F49EFDB008756C1 /* ButtonExtensions.swift */ = {isa = PBXFileReference; lastKnownFileType = sourcecode.swift; path = ButtonExtensions.swift; sourceTree = "<group>"; };
		6B8F08642F4669F700903670 /* CalculatorEngine.swift */ = {isa = PBXFileReference; lastKnownFileType = sourcecode.swift; path = CalculatorEngine.swift; sourceTree = "<group>"; };
		6B8F086F2F47BA9400903670 /* NumberFormatterService.swift */ = {isa = PBXFileReference; lastKnownFileType = sourcecode.swift; path = NumberFormatterService.swift; sourceTree = "<group>"; };
/* End PBXFileReference section */

/* Begin PBXFrameworksBuildPhase section */
		4872CF662A5A9EAC0044E151 /* Frameworks */ = {
			isa = PBXFrameworksBuildPhase;
			buildActionMask = 2147483647;
			files = (
			);
			runOnlyForDeploymentPostprocessing = 0;
		};
/* End PBXFrameworksBuildPhase section */

/* Begin PBXGroup section */
		4872CF602A5A9EAC0044E151 = {
			isa = PBXGroup;
			children = (
				4872CF6B2A5A9EAC0044E151 /* Calculator */,
				4872CF6A2A5A9EAC0044E151 /* Products */,
			);
			sourceTree = "<group>";
		};
		4872CF6A2A5A9EAC0044E151 /* Products */ = {
			isa = PBXGroup;
			children = (
				4872CF692A5A9EAC0044E151 /* Calculator.app */,
			);
			name = Products;
			sourceTree = "<group>";
		};
		4872CF6B2A5A9EAC0044E151 /* Calculator */ = {
			isa = PBXGroup;
			children = (
				6B0F9E182F4A0119005152B7 /* Views */,
				6B77C4CD2F49F106008756C1 /* Delegates */,
				6B77C4CA2F49EFD0008756C1 /* Helpers */,
				6B77C4C52F49ECCC008756C1 /* ViewControllers */,
				6B8F086E2F47BA8B00903670 /* Services */,
				4872CF752A5A9EAD0044E151 /* Assets.xcassets */,
				4872CF7A2A5A9EAD0044E151 /* Info.plist */,
			);
			path = Calculator;
			sourceTree = "<group>";
		};
		6B0F9E182F4A0119005152B7 /* Views */ = {
			isa = PBXGroup;
			children = (
				6B0F9E1C2F4B61E0005152B7 /* Main.storyboard */,
				4872CF772A5A9EAD0044E151 /* LaunchScreen.storyboard */,
				6B0F9E1A2F4B3A24005152B7 /* Main_Polished.storyboard */,
			);
			path = Views;
			sourceTree = "<group>";
		};
		6B77C4C52F49ECCC008756C1 /* ViewControllers */ = {
			isa = PBXGroup;
			children = (
				4872CF702A5A9EAC0044E151 /* CalcultorViewController.swift */,
			);
			path = ViewControllers;
			sourceTree = "<group>";
		};
		6B77C4CA2F49EFD0008756C1 /* Helpers */ = {
			isa = PBXGroup;
			children = (
				6B77C4CB2F49EFDB008756C1 /* ButtonExtensions.swift */,
			);
			path = Helpers;
			sourceTree = "<group>";
		};
		6B77C4CD2F49F106008756C1 /* Delegates */ = {
			isa = PBXGroup;
			children = (
				4872CF6C2A5A9EAC0044E151 /* AppDelegate.swift */,
				4872CF6E2A5A9EAC0044E151 /* SceneDelegate.swift */,
			);
			path = Delegates;
			sourceTree = "<group>";
		};
		6B8F086E2F47BA8B00903670 /* Services */ = {
			isa = PBXGroup;
			children = (
				6B8F08642F4669F700903670 /* CalculatorEngine.swift */,
				6B8F086F2F47BA9400903670 /* NumberFormatterService.swift */,
			);
			path = Services;
			sourceTree = "<group>";
		};
/* End PBXGroup section */

/* Begin PBXNativeTarget section */
		4872CF682A5A9EAC0044E151 /* Calculator */ = {
			isa = PBXNativeTarget;
			buildConfigurationList = 4872CF7D2A5A9EAD0044E151 /* Build configuration list for PBXNativeTarget "Calculator" */;
			buildPhases = (
				4872CF652A5A9EAC0044E151 /* Sources */,
				4872CF662A5A9EAC0044E151 /* Frameworks */,
				4872CF672A5A9EAC0044E151 /* Resources */,
				6B8F08632F45150900903670 /* ShellScript */,
			);
			buildRules = (
			);
			dependencies = (
			);
			name = Calculator;
			productName = Calculator;
			productReference = 4872CF692A5A9EAC0044E151 /* Calculator.app */;
			productType = "com.apple.product-type.application";
		};
/* End PBXNativeTarget section */

/* Begin PBXProject section */
		4872CF612A5A9EAC0044E151 /* Project object */ = {
			isa = PBXProject;
			attributes = {
				BuildIndependentTargetsInParallel = 1;
				LastSwiftUpdateCheck = 1500;
				LastUpgradeCheck = 1500;
				TargetAttributes = {
					4872CF682A5A9EAC0044E151 = {
						CreatedOnToolsVersion = 15.0;
					};
				};
			};
			buildConfigurationList = 4872CF642A5A9EAC0044E151 /* Build configuration list for PBXProject "Calculator" */;
			compatibilityVersion = "Xcode 14.0";
			developmentRegion = en;
			hasScannedForEncodings = 0;
			knownRegions = (
				en,
				Base,
			);
			mainGroup = 4872CF602A5A9EAC0044E151;
			productRefGroup = 4872CF6A2A5A9EAC0044E151 /* Products */;
			projectDirPath = "";
			projectRoot = "";
			targets = (
				4872CF682A5A9EAC0044E151 /* Calculator */,
			);
		};
/* End PBXProject section */

/* Begin PBXResourcesBuildPhase section */
		4872CF672A5A9EAC0044E151 /* Resources */ = {
			isa = PBXResourcesBuildPhase;
			buildActionMask = 2147483647;
			files = (
				4872CF792A5A9EAD0044E151 /* LaunchScreen.storyboard in Resources */,
				4872CF762A5A9EAD0044E151 /* Assets.xcassets in Resources */,
				6B0F9E1B2F4B3A24005152B7 /* Main_Polished.storyboard in Resources */,
				6B0F9E1D2F4B61E5005152B7 /* Main.storyboard in Resources */,
			);
			runOnlyForDeploymentPostprocessing = 0;
		};
/* End PBXResourcesBuildPhase section */

/* Begin PBXShellScriptBuildPhase section */
		6B8F08632F45150900903670 /* ShellScript */ = {
			isa = PBXShellScriptBuildPhase;
			buildActionMask = 2147483647;
			files = (
			);
			inputFileListPaths = (
			);
			inputPaths = (
			);
			outputFileListPaths = (
			);
			outputPaths = (
			);
			runOnlyForDeploymentPostprocessing = 0;
			shellPath = /bin/sh;
			shellScript = "# Type a script or drag a script file from your workspace to insert its path.\nif command -v swiftlint >/dev/null 2>&1; then\n    swiftlint\nelse\n    echo \"warning: SwiftLint not installed\"\nfi\n";
		};
/* End PBXShellScriptBuildPhase section */

/* Begin PBXSourcesBuildPhase section */
		4872CF652A5A9EAC0044E151 /* Sources */ = {
			isa = PBXSourcesBuildPhase;
			buildActionMask = 2147483647;
			files = (
				4872CF712A5A9EAC0044E151 /* CalcultorViewController.swift in Sources */,
				6B8F08652F4669F700903670 /* CalculatorEngine.swift in Sources */,
				4872CF6D2A5A9EAC0044E151 /* AppDelegate.swift in Sources */,
				6B77C4CC2F49EFE4008756C1 /* ButtonExtensions.swift in Sources */,
				6B8F08702F47BA9A00903670 /* NumberFormatterService.swift in Sources */,
				4872CF6F2A5A9EAC0044E151 /* SceneDelegate.swift in Sources */,
			);
			runOnlyForDeploymentPostprocessing = 0;
		};
/* End PBXSourcesBuildPhase section */

/* Begin PBXVariantGroup section */
		4872CF772A5A9EAD0044E151 /* LaunchScreen.storyboard */ = {
			isa = PBXVariantGroup;
			children = (
				4872CF782A5A9EAD0044E151 /* Base */,
			);
			name = LaunchScreen.storyboard;
			sourceTree = "<group>";
		};
		6B0F9E1A2F4B3A24005152B7 /* Main_Polished.storyboard */ = {
			isa = PBXVariantGroup;
			children = (
				6B0F9E192F4B3A24005152B7 /* Main.storyboard */,
			);
			name = Main_Polished.storyboard;
			sourceTree = "<group>";
		};
/* End PBXVariantGroup section */

/* Begin XCBuildConfiguration section */
		4872CF7B2A5A9EAD0044E151 /* Debug */ = {
			isa = XCBuildConfiguration;
			buildSettings = {
				ALWAYS_SEARCH_USER_PATHS = NO;
				ASSETCATALOG_COMPILER_GENERATE_SWIFT_ASSET_SYMBOL_EXTENSIONS = YES;
				CLANG_ANALYZER_NONNULL = YES;
				CLANG_ANALYZER_NUMBER_OBJECT_CONVERSION = YES_AGGRESSIVE;
				CLANG_CXX_LANGUAGE_STANDARD = "gnu++20";
				CLANG_ENABLE_MODULES = YES;
				CLANG_ENABLE_OBJC_ARC = YES;
				CLANG_ENABLE_OBJC_WEAK = YES;
				CLANG_WARN_BLOCK_CAPTURE_AUTORELEASING = YES;
				CLANG_WARN_BOOL_CONVERSION = YES;
				CLANG_WARN_COMMA = YES;
				CLANG_WARN_CONSTANT_CONVERSION = YES;
				CLANG_WARN_DEPRECATED_OBJC_IMPLEMENTATIONS = YES;
				CLANG_WARN_DIRECT_OBJC_ISA_USAGE = YES_ERROR;
				CLANG_WARN_DOCUMENTATION_COMMENTS = YES;
				CLANG_WARN_EMPTY_BODY = YES;
				CLANG_WARN_ENUM_CONVERSION = YES;
				CLANG_WARN_INFINITE_RECURSION = YES;
				CLANG_WARN_INT_CONVERSION = YES;
				CLANG_WARN_NON_LITERAL_NULL_CONVERSION = YES;
				CLANG_WARN_OBJC_IMPLICIT_RETAIN_SELF = YES;
				CLANG_WARN_OBJC_LITERAL_CONVERSION = YES;
				CLANG_WARN_OBJC_ROOT_CLASS = YES_ERROR;
				CLANG_WARN_QUOTED_INCLUDE_IN_FRAMEWORK_HEADER = YES;
				CLANG_WARN_RANGE_LOOP_ANALYSIS = YES;
				CLANG_WARN_STRICT_PROTOTYPES = YES;
				CLANG_WARN_SUSPICIOUS_MOVE = YES;
				CLANG_WARN_UNGUARDED_AVAILABILITY = YES_AGGRESSIVE;
				CLANG_WARN_UNREACHABLE_CODE = YES;
				CLANG_WARN__DUPLICATE_METHOD_MATCH = YES;
				COPY_PHASE_STRIP = NO;
				DEBUG_INFORMATION_FORMAT = dwarf;
				ENABLE_STRICT_OBJC_MSGSEND = YES;
				ENABLE_TESTABILITY = YES;
				ENABLE_USER_SCRIPT_SANDBOXING = YES;
				GCC_C_LANGUAGE_STANDARD = gnu17;
				GCC_DYNAMIC_NO_PIC = NO;
				GCC_NO_COMMON_BLOCKS = YES;
				GCC_OPTIMIZATION_LEVEL = 0;
				GCC_PREPROCESSOR_DEFINITIONS = (
					"DEBUG=1",
					"$(inherited)",
				);
				GCC_WARN_64_TO_32_BIT_CONVERSION = YES;
				GCC_WARN_ABOUT_RETURN_TYPE = YES_ERROR;
				GCC_WARN_UNDECLARED_SELECTOR = YES;
				GCC_WARN_UNINITIALIZED_AUTOS = YES_AGGRESSIVE;
				GCC_WARN_UNUSED_FUNCTION = YES;
				GCC_WARN_UNUSED_VARIABLE = YES;
				IPHONEOS_DEPLOYMENT_TARGET = 17.0;
				LOCALIZATION_PREFERS_STRING_CATALOGS = YES;
				MTL_ENABLE_DEBUG_INFO = INCLUDE_SOURCE;
				MTL_FAST_MATH = YES;
				ONLY_ACTIVE_ARCH = YES;
				SDKROOT = iphoneos;
				SWIFT_ACTIVE_COMPILATION_CONDITIONS = "DEBUG $(inherited)";
				SWIFT_OPTIMIZATION_LEVEL = "-Onone";
			};
			name = Debug;
		};
		4872CF7C2A5A9EAD0044E151 /* Release */ = {
			isa = XCBuildConfiguration;
			buildSettings = {
				ALWAYS_SEARCH_USER_PATHS = NO;
				ASSETCATALOG_COMPILER_GENERATE_SWIFT_ASSET_SYMBOL_EXTENSIONS = YES;
				CLANG_ANALYZER_NONNULL = YES;
				CLANG_ANALYZER_NUMBER_OBJECT_CONVERSION = YES_AGGRESSIVE;
				CLANG_CXX_LANGUAGE_STANDARD = "gnu++20";
				CLANG_ENABLE_MODULES = YES;
				CLANG_ENABLE_OBJC_ARC = YES;
				CLANG_ENABLE_OBJC_WEAK = YES;
				CLANG_WARN_BLOCK_CAPTURE_AUTORELEASING = YES;
				CLANG_WARN_BOOL_CONVERSION = YES;
				CLANG_WARN_COMMA = YES;
				CLANG_WARN_CONSTANT_CONVERSION = YES;
				CLANG_WARN_DEPRECATED_OBJC_IMPLEMENTATIONS = YES;
				CLANG_WARN_DIRECT_OBJC_ISA_USAGE = YES_ERROR;
				CLANG_WARN_DOCUMENTATION_COMMENTS = YES;
				CLANG_WARN_EMPTY_BODY = YES;
				CLANG_WARN_ENUM_CONVERSION = YES;
				CLANG_WARN_INFINITE_RECURSION = YES;
				CLANG_WARN_INT_CONVERSION = YES;
				CLANG_WARN_NON_LITERAL_NULL_CONVERSION = YES;
				CLANG_WARN_OBJC_IMPLICIT_RETAIN_SELF = YES;
				CLANG_WARN_OBJC_LITERAL_CONVERSION = YES;
				CLANG_WARN_OBJC_ROOT_CLASS = YES_ERROR;
				CLANG_WARN_QUOTED_INCLUDE_IN_FRAMEWORK_HEADER = YES;
				CLANG_WARN_RANGE_LOOP_ANALYSIS = YES;
				CLANG_WARN_STRICT_PROTOTYPES = YES;
				CLANG_WARN_SUSPICIOUS_MOVE = YES;
				CLANG_WARN_UNGUARDED_AVAILABILITY = YES_AGGRESSIVE;
				CLANG_WARN_UNREACHABLE_CODE = YES;
				CLANG_WARN__DUPLICATE_METHOD_MATCH = YES;
				COPY_PHASE_STRIP = NO;
				DEBUG_INFORMATION_FORMAT = "dwarf-with-dsym";
				ENABLE_NS_ASSERTIONS = NO;
				ENABLE_STRICT_OBJC_MSGSEND = YES;
				ENABLE_USER_SCRIPT_SANDBOXING = YES;
				GCC_C_LANGUAGE_STANDARD = gnu17;
				GCC_NO_COMMON_BLOCKS = YES;
				GCC_WARN_64_TO_32_BIT_CONVERSION = YES;
				GCC_WARN_ABOUT_RETURN_TYPE = YES_ERROR;
				GCC_WARN_UNDECLARED_SELECTOR = YES;
				GCC_WARN_UNINITIALIZED_AUTOS = YES_AGGRESSIVE;
				GCC_WARN_UNUSED_FUNCTION = YES;
				GCC_WARN_UNUSED_VARIABLE = YES;
				IPHONEOS_DEPLOYMENT_TARGET = 17.0;
				LOCALIZATION_PREFERS_STRING_CATALOGS = YES;
				MTL_ENABLE_DEBUG_INFO = NO;
				MTL_FAST_MATH = YES;
				SDKROOT = iphoneos;
				SWIFT_COMPILATION_MODE = wholemodule;
				VALIDATE_PRODUCT = YES;
			};
			name = Release;
		};
		4872CF7E2A5A9EAD0044E151 /* Debug */ = {
			isa = XCBuildConfiguration;
			buildSettings = {
				ASSETCATALOG_COMPILER_APPICON_NAME = AppIcon;
				ASSETCATALOG_COMPILER_GLOBAL_ACCENT_COLOR_NAME = AccentColor;
				CODE_SIGN_STYLE = Automatic;
				CURRENT_PROJECT_VERSION = 1;
				DEVELOPMENT_TEAM = K9YT824399;
				GENERATE_INFOPLIST_FILE = YES;
				INFOPLIST_FILE = Calculator/Info.plist;
				INFOPLIST_KEY_UIApplicationSupportsIndirectInputEvents = YES;
				INFOPLIST_KEY_UILaunchStoryboardName = LaunchScreen;
				INFOPLIST_KEY_UIMainStoryboardFile = Main;
				INFOPLIST_KEY_UISupportedInterfaceOrientations = "UIInterfaceOrientationLandscapeLeft UIInterfaceOrientationLandscapeRight UIInterfaceOrientationPortrait";
				INFOPLIST_KEY_UISupportedInterfaceOrientations_iPad = "UIInterfaceOrientationPortrait UIInterfaceOrientationPortraitUpsideDown";
				LD_RUNPATH_SEARCH_PATHS = (
					"$(inherited)",
					"@executable_path/Frameworks",
				);
				MARKETING_VERSION = 1.0;
				PRODUCT_BUNDLE_IDENTIFIER = com.vintuss.Calculator;
				PRODUCT_NAME = "$(TARGET_NAME)";
				SWIFT_EMIT_LOC_STRINGS = YES;
				SWIFT_VERSION = 5.0;
				TARGETED_DEVICE_FAMILY = "1,2";
			};
			name = Debug;
		};
		4872CF7F2A5A9EAD0044E151 /* Release */ = {
			isa = XCBuildConfiguration;
			buildSettings = {
				ASSETCATALOG_COMPILER_APPICON_NAME = AppIcon;
				ASSETCATALOG_COMPILER_GLOBAL_ACCENT_COLOR_NAME = AccentColor;
				CODE_SIGN_STYLE = Automatic;
				CURRENT_PROJECT_VERSION = 1;
				DEVELOPMENT_TEAM = K9YT824399;
				GENERATE_INFOPLIST_FILE = YES;
				INFOPLIST_FILE = Calculator/Info.plist;
				INFOPLIST_KEY_UIApplicationSupportsIndirectInputEvents = YES;
				INFOPLIST_KEY_UILaunchStoryboardName = LaunchScreen;
				INFOPLIST_KEY_UIMainStoryboardFile = Main;
				INFOPLIST_KEY_UISupportedInterfaceOrientations = "UIInterfaceOrientationLandscapeLeft UIInterfaceOrientationLandscapeRight UIInterfaceOrientationPortrait";
				INFOPLIST_KEY_UISupportedInterfaceOrientations_iPad = "UIInterfaceOrientationPortrait UIInterfaceOrientationPortraitUpsideDown";
				LD_RUNPATH_SEARCH_PATHS = (
					"$(inherited)",
					"@executable_path/Frameworks",
				);
				MARKETING_VERSION = 1.0;
				PRODUCT_BUNDLE_IDENTIFIER = com.vintuss.Calculator;
				PRODUCT_NAME = "$(TARGET_NAME)";
				SWIFT_EMIT_LOC_STRINGS = YES;
				SWIFT_VERSION = 5.0;
				TARGETED_DEVICE_FAMILY = "1,2";
			};
			name = Release;
		};
/* End XCBuildConfiguration section */

/* Begin XCConfigurationList section */
		4872CF642A5A9EAC0044E151 /* Build configuration list for PBXProject "Calculator" */ = {
			isa = XCConfigurationList;
			buildConfigurations = (
				4872CF7B2A5A9EAD0044E151 /* Debug */,
				4872CF7C2A5A9EAD0044E151 /* Release */,
			);
			defaultConfigurationIsVisible = 0;
			defaultConfigurationName = Release;
		};
		4872CF7D2A5A9EAD0044E151 /* Build configuration list for PBXNativeTarget "Calculator" */ = {
			isa = XCConfigurationList;
			buildConfigurations = (
				4872CF7E2A5A9EAD0044E151 /* Debug */,
				4872CF7F2A5A9EAD0044E151 /* Release */,
			);
			defaultConfigurationIsVisible = 0;
			defaultConfigurationName = Release;
		};
/* End XCConfigurationList section */
	};
	rootObject = 4872CF612A5A9EAC0044E151 /* Project object */;
}
